
Microsoft Visual Studio Solution File, Format Version 12.00
Project("{8BC9CEB8-8B4A-11D0-8D11-00A0C91BC942}") = "TemplateClasses", "TemplateClasses.vcxproj", "{CAAE551A-50F7-4C48-B2DE-5ACEDB068B82}"
EndProject
Global
	GlobalSection(SolutionConfigurationPlatforms) = preSolution
		Debug|Win32 = Debug|Win32
		Debug|x64 = Debug|x64
		Release|Win32 = Release|Win32
		Release|x64 = Release|x64
	EndGlobalSection
	GlobalSection(ProjectConfigurationPlatforms) = postSolution
		{CAAE551A-50F7-4C48-B2DE-5ACEDB068B82}.Debug|Win32.ActiveCfg = Debug|Win32
		{CAAE551A-50F7-4C48-B2DE-5ACEDB068B82}.Debug|Win32.Build.0 = Debug|Win32
		{CAAE551A-50F7-4C48-B2DE-5ACEDB068B82}.Debug|x64.ActiveCfg = Debug|x64
		{CAAE551A-50F7-4C48-B2DE-5ACEDB068B82}.Debug|x64.Build.0 = Debug|x64
		{CAAE551A-50F7-4C48-B2DE-5ACEDB068B82}.Release|Win32.ActiveCfg = Release|Win32
		{CAAE551A-50F7-4C48-B2DE-5ACEDB068B82}.Release|Win32.Build.0 = Release|Win32
		{CAAE551A-50F7-4C48-B2DE-5ACEDB068B82}.Release|x64.ActiveCfg = Release|x64
		{CAAE551A-50F7-4C48-B2DE-5ACEDB068B82}.Release|x64.Build.0 = Release|x64
	EndGlobalSection
EndGlobal
